[[package]]
name = "python-json-logger"
version = "2.0.1"
description = "A python library adding a json log formatter"
category = "main"
optional = false
python-versions = ">=3.4"

[metadata]
lock-version = "1.1"
python-versions = "^3.9"
content-hash = "aefad9ebf6645644ef32c1fc3b5effa9eb9ee9a210f342b9bcdc8761d23526b4"

[metadata.files]
python-json-logger = [
    {file = "python-json-logger-2.0.1.tar.gz", hash = "sha256:f26eea7898db40609563bed0a7ca11af12e2a79858632706d835a0f961b7d398"},
]
